// !$*UTF8*$!
{
	archiveVersion = 1;
	classes = {
	};
	objectVersion = 63;
	objects = {

/* Begin PBXBuildFile section */
		F807616B2D0669EC0011D3A6 /* AnalyticsEventable.swift in Sources */ = {isa = PBXBuildFile; fileRef = F80761252D0669EC0011D3A6 /* AnalyticsEventable.swift */; };
		F807616C2D0669EC0011D3A6 /* AppDelegate.swift in Sources */ = {isa = PBXBuildFile; fileRef = F80761282D0669EC0011D3A6 /* AppDelegate.swift */; };
		F807616D2D0669EC0011D3A6 /* SceneDelegate.swift in Sources */ = {isa = PBXBuildFile; fileRef = F80761292D0669EC0011D3A6 /* SceneDelegate.swift */; };
		F807616E2D0669EC0011D3A6 /* AppColors.swift in Sources */ = {isa = PBXBuildFile; fileRef = F807612B2D0669EC0011D3A6 /* AppColors.swift */; };
		F807616F2D0669EC0011D3A6 /* AppFont.swift in Sources */ = {isa = PBXBuildFile; fileRef = F807612D2D0669EC0011D3A6 /* AppFont.swift */; };
		F80761702D0669EC0011D3A6 /* BrandFontName.swift in Sources */ = {isa = PBXBuildFile; fileRef = F807612E2D0669EC0011D3A6 /* BrandFontName.swift */; };
		F80761712D0669EC0011D3A6 /* ViewAwareHostingController.swift in Sources */ = {isa = PBXBuildFile; fileRef = F80761332D0669EC0011D3A6 /* ViewAwareHostingController.swift */; };
		F80761722D0669EC0011D3A6 /* BaseCoordinator.swift in Sources */ = {isa = PBXBuildFile; fileRef = F80761352D0669EC0011D3A6 /* BaseCoordinator.swift */; };
		F80761732D0669EC0011D3A6 /* BaseViewModel.swift in Sources */ = {isa = PBXBuildFile; fileRef = F80761362D0669EC0011D3A6 /* BaseViewModel.swift */; };
		F80761742D0669EC0011D3A6 /* Codable+Extensions.swift in Sources */ = {isa = PBXBuildFile; fileRef = F80761382D0669EC0011D3A6 /* Codable+Extensions.swift */; };
		F80761752D0669EC0011D3A6 /* Color+Extensions.swift in Sources */ = {isa = PBXBuildFile; fileRef = F80761392D0669EC0011D3A6 /* Color+Extensions.swift */; };
		F80761762D0669EC0011D3A6 /* String+Extensions.swift in Sources */ = {isa = PBXBuildFile; fileRef = F807613A2D0669EC0011D3A6 /* String+Extensions.swift */; };
		F80761772D0669EC0011D3A6 /* View+Extensions.swift in Sources */ = {isa = PBXBuildFile; fileRef = F807613B2D0669EC0011D3A6 /* View+Extensions.swift */; };
		F80761782D0669EC0011D3A6 /* Factory+Container.swift in Sources */ = {isa = PBXBuildFile; fileRef = F807613D2D0669EC0011D3A6 /* Factory+Container.swift */; };
		F80761792D0669EC0011D3A6 /* AppConstants.swift in Sources */ = {isa = PBXBuildFile; fileRef = F807613F2D0669EC0011D3A6 /* AppConstants.swift */; };
		F807617A2D0669EC0011D3A6 /* AppEnvironment.swift in Sources */ = {isa = PBXBuildFile; fileRef = F80761402D0669EC0011D3A6 /* AppEnvironment.swift */; };
		F80761822D0669EC0011D3A6 /* AppError.swift in Sources */ = {isa = PBXBuildFile; fileRef = F807614C2D0669EC0011D3A6 /* AppError.swift */; };
		F80761832D0669EC0011D3A6 /* Endpoint.swift in Sources */ = {isa = PBXBuildFile; fileRef = F807614D2D0669EC0011D3A6 /* Endpoint.swift */; };
		F80761842D0669EC0011D3A6 /* HttpMethods.swift in Sources */ = {isa = PBXBuildFile; fileRef = F807614E2D0669EC0011D3A6 /* HttpMethods.swift */; };
		F80761852D0669EC0011D3A6 /* NetworkClient.swift in Sources */ = {isa = PBXBuildFile; fileRef = F80761502D0669EC0011D3A6 /* NetworkClient.swift */; };
		F80761862D0669EC0011D3A6 /* NetworkProtocol.swift in Sources */ = {isa = PBXBuildFile; fileRef = F80761522D0669EC0011D3A6 /* NetworkProtocol.swift */; };
		F80761892D0669EC0011D3A6 /* AppNavigationController.swift in Sources */ = {isa = PBXBuildFile; fileRef = F80761592D0669EC0011D3A6 /* AppNavigationController.swift */; };
		F807618A2D0669EC0011D3A6 /* Coordinator.swift in Sources */ = {isa = PBXBuildFile; fileRef = F807615A2D0669EC0011D3A6 /* Coordinator.swift */; };
		F807618B2D0669EC0011D3A6 /* MainCoordinator.swift in Sources */ = {isa = PBXBuildFile; fileRef = F807615B2D0669EC0011D3A6 /* MainCoordinator.swift */; };
		F807618C2D0669EC0011D3A6 /* RunOnceViewModifier.swift in Sources */ = {isa = PBXBuildFile; fileRef = F807615D2D0669EC0011D3A6 /* RunOnceViewModifier.swift */; };
		F807618D2D0669EC0011D3A6 /* SplashCoordinator.swift in Sources */ = {isa = PBXBuildFile; fileRef = F80761602D0669EC0011D3A6 /* SplashCoordinator.swift */; };
		F807618E2D0669EC0011D3A6 /* SplashView.swift in Sources */ = {isa = PBXBuildFile; fileRef = F80761622D0669EC0011D3A6 /* SplashView.swift */; };
		F807618F2D0669EC0011D3A6 /* SplashViewModel.swift in Sources */ = {isa = PBXBuildFile; fileRef = F80761642D0669EC0011D3A6 /* SplashViewModel.swift */; };
		F80761902D0669EC0011D3A6 /* SplashViewModelProtocol.swift in Sources */ = {isa = PBXBuildFile; fileRef = F80761652D0669EC0011D3A6 /* SplashViewModelProtocol.swift */; };
		F80761912D0669EC0011D3A6 /* Preview Assets.xcassets in Resources */ = {isa = PBXBuildFile; fileRef = F80761302D0669EC0011D3A6 /* Preview Assets.xcassets */; };
		F80761922D0669EC0011D3A6 /* Assets.xcassets in Resources */ = {isa = PBXBuildFile; fileRef = F80761692D0669EC0011D3A6 /* Assets.xcassets */; };
		F810B82B2D0A5806008DA402 /* TripHistoryViewModelProtocol.swift in Sources */ = {isa = PBXBuildFile; fileRef = F810B82A2D0A5806008DA402 /* TripHistoryViewModelProtocol.swift */; };
		F810B82C2D0A5806008DA402 /* TripHistoryView.swift in Sources */ = {isa = PBXBuildFile; fileRef = F810B8282D0A5806008DA402 /* TripHistoryView.swift */; };
		F810B82D2D0A5806008DA402 /* TripHistoryServicesProtocol.swift in Sources */ = {isa = PBXBuildFile; fileRef = F810B8272D0A5806008DA402 /* TripHistoryServicesProtocol.swift */; };
		F810B82E2D0A5806008DA402 /* TripHistoryCoordinator.swift in Sources */ = {isa = PBXBuildFile; fileRef = F810B8252D0A5806008DA402 /* TripHistoryCoordinator.swift */; };
		F810B82F2D0A5806008DA402 /* TripHistoryServices.swift in Sources */ = {isa = PBXBuildFile; fileRef = F810B8262D0A5806008DA402 /* TripHistoryServices.swift */; };
		F810B8302D0A5806008DA402 /* TripHistoryViewModel.swift in Sources */ = {isa = PBXBuildFile; fileRef = F810B8292D0A5806008DA402 /* TripHistoryViewModel.swift */; };
		F810B8362D0A5C46008DA402 /* PRTripCard.swift in Sources */ = {isa = PBXBuildFile; fileRef = F810B8352D0A5C42008DA402 /* PRTripCard.swift */; };
		F810B8382D0A63FB008DA402 /* TripsHistoryEndpoint.swift in Sources */ = {isa = PBXBuildFile; fileRef = F810B8372D0A63FB008DA402 /* TripsHistoryEndpoint.swift */; };
		F810B8792D0A730A008DA402 /* TripHistoryResponse.swift in Sources */ = {isa = PBXBuildFile; fileRef = F810B8782D0A7305008DA402 /* TripHistoryResponse.swift */; };
		F810B87B2D0AEF9A008DA402 /* PRAnalyticsEvents.swift in Sources */ = {isa = PBXBuildFile; fileRef = F810B87A2D0AEF97008DA402 /* PRAnalyticsEvents.swift */; };
		F810B87D2D0AEFB3008DA402 /* SimulatedAnalytics.swift in Sources */ = {isa = PBXBuildFile; fileRef = F810B87C2D0AEFAB008DA402 /* SimulatedAnalytics.swift */; };
		F810B8812D0AF473008DA402 /* Localizable.xcstrings in Resources */ = {isa = PBXBuildFile; fileRef = F810B8802D0AF473008DA402 /* Localizable.xcstrings */; };
		F84DC4A22D08EBC20069E1BA /* PRTextField.swift in Sources */ = {isa = PBXBuildFile; fileRef = F84DC4A12D08EBBE0069E1BA /* PRTextField.swift */; };
		F84DC4AC2D08EC6B0069E1BA /* Inter-Bold.ttf in Resources */ = {isa = PBXBuildFile; fileRef = F84DC4A42D08EC6B0069E1BA /* Inter-Bold.ttf */; };
		F84DC4AE2D08EC6B0069E1BA /* Inter-Regular.ttf in Resources */ = {isa = PBXBuildFile; fileRef = F84DC4A92D08EC6B0069E1BA /* Inter-Regular.ttf */; };
		F84DC4B02D08EC6B0069E1BA /* Inter-Thin.ttf in Resources */ = {isa = PBXBuildFile; fileRef = F84DC4AB2D08EC6B0069E1BA /* Inter-Thin.ttf */; };
		F84DC4B22D08EC6B0069E1BA /* Inter-SemiBold.ttf in Resources */ = {isa = PBXBuildFile; fileRef = F84DC4AA2D08EC6B0069E1BA /* Inter-SemiBold.ttf */; };
		F84DC4B32D08EC6B0069E1BA /* Inter-Black.ttf in Resources */ = {isa = PBXBuildFile; fileRef = F84DC4A32D08EC6B0069E1BA /* Inter-Black.ttf */; };
		F84DC4B42D08EC6B0069E1BA /* Inter-Light.ttf in Resources */ = {isa = PBXBuildFile; fileRef = F84DC4A72D08EC6B0069E1BA /* Inter-Light.ttf */; };
		F84DC6072D08FB950069E1BA /* PRAddressFormView.swift in Sources */ = {isa = PBXBuildFile; fileRef = F84DC6062D08FB8D0069E1BA /* PRAddressFormView.swift */; };
		F84DC6092D0904E40069E1BA /* PRFormSectionHeader.swift in Sources */ = {isa = PBXBuildFile; fileRef = F84DC6082D0904DC0069E1BA /* PRFormSectionHeader.swift */; };
		F84DC60B2D090A550069E1BA /* PRButton.swift in Sources */ = {isa = PBXBuildFile; fileRef = F84DC60A2D090A520069E1BA /* PRButton.swift */; };
		F89DD1042D0670DB00EC2319 /* Factory in Frameworks */ = {isa = PBXBuildFile; productRef = F89DD1032D0670DB00EC2319 /* Factory */; };
		F89DD1062D06715200EC2319 /* Launch Screen.storyboard in Resources */ = {isa = PBXBuildFile; fileRef = F89DD1052D06715200EC2319 /* Launch Screen.storyboard */; };
		F89DD1102D067E9100EC2319 /* HomeServices.swift in Sources */ = {isa = PBXBuildFile; fileRef = F89DD10B2D067E9100EC2319 /* HomeServices.swift */; };
		F89DD1112D067E9100EC2319 /* HomeViewModelProtocol.swift in Sources */ = {isa = PBXBuildFile; fileRef = F89DD10F2D067E9100EC2319 /* HomeViewModelProtocol.swift */; };
		F89DD1122D067E9100EC2319 /* HomeCoordinator.swift in Sources */ = {isa = PBXBuildFile; fileRef = F89DD10A2D067E9100EC2319 /* HomeCoordinator.swift */; };
		F89DD1132D067E9100EC2319 /* HomeView.swift in Sources */ = {isa = PBXBuildFile; fileRef = F89DD10D2D067E9100EC2319 /* HomeView.swift */; };
		F89DD1142D067E9100EC2319 /* HomeServicesProtocol.swift in Sources */ = {isa = PBXBuildFile; fileRef = F89DD10C2D067E9100EC2319 /* HomeServicesProtocol.swift */; };
		F89DD1152D067E9100EC2319 /* HomeViewModel.swift in Sources */ = {isa = PBXBuildFile; fileRef = F89DD10E2D067E9100EC2319 /* HomeViewModel.swift */; };
		F8AD8E302D09197A001CAADE /* IQKeyboardManagerSwift in Frameworks */ = {isa = PBXBuildFile; productRef = F8AD8E2F2D09197A001CAADE /* IQKeyboardManagerSwift */; };
		F8AD8E332D09E4D7001CAADE /* HomeEndpoint.swift in Sources */ = {isa = PBXBuildFile; fileRef = F8AD8E322D09E4D5001CAADE /* HomeEndpoint.swift */; };
		F8AD8F862D0A062F001CAADE /* PRMapView.swift in Sources */ = {isa = PBXBuildFile; fileRef = F8AD8F852D0A062D001CAADE /* PRMapView.swift */; };
		F8AD8F882D0A0ACF001CAADE /* MkCoordinatorRegion+Extensions.swift in Sources */ = {isa = PBXBuildFile; fileRef = F8AD8F872D0A0AC7001CAADE /* MkCoordinatorRegion+Extensions.swift */; };
		F8AD8F8D2D0A0E96001CAADE /* PRFloatingAlertType.swift in Sources */ = {isa = PBXBuildFile; fileRef = F8AD8F8A2D0A0E96001CAADE /* PRFloatingAlertType.swift */; };
		F8AD8F8E2D0A0E96001CAADE /* PRFloatingAlertModel.swift in Sources */ = {isa = PBXBuildFile; fileRef = F8AD8F892D0A0E96001CAADE /* PRFloatingAlertModel.swift */; };
		F8AD8F8F2D0A0E96001CAADE /* PRFloatingAlertView.swift in Sources */ = {isa = PBXBuildFile; fileRef = F8AD8F8B2D0A0E96001CAADE /* PRFloatingAlertView.swift */; };
		F8AD8F932D0A0F46001CAADE /* PRFloatingAlertViewModifier.swift in Sources */ = {isa = PBXBuildFile; fileRef = F8AD8F922D0A0F46001CAADE /* PRFloatingAlertViewModifier.swift */; };
		F8AD8F962D0A1713001CAADE /* RouteResponse.swift in Sources */ = {isa = PBXBuildFile; fileRef = F8AD8F952D0A1713001CAADE /* RouteResponse.swift */; };
		F8AD8FF32D0A3646001CAADE /* PRBottomSheet.swift in Sources */ = {isa = PBXBuildFile; fileRef = F8AD8FF22D0A3644001CAADE /* PRBottomSheet.swift */; };
		F8AD8FF52D0A417F001CAADE /* PRRideOptionCard.swift in Sources */ = {isa = PBXBuildFile; fileRef = F8AD8FF42D0A417F001CAADE /* PRRideOptionCard.swift */; };
		F8AD8FF72D0A4B06001CAADE /* ConfirmeRideRequest.swift in Sources */ = {isa = PBXBuildFile; fileRef = F8AD8FF62D0A4B01001CAADE /* ConfirmeRideRequest.swift */; };
		F8AD8FF92D0A4FE3001CAADE /* ConfirmRideResponse.swift in Sources */ = {isa = PBXBuildFile; fileRef = F8AD8FF82D0A4FDE001CAADE /* ConfirmRideResponse.swift */; };
/* End PBXBuildFile section */

/* Begin PBXFileReference section */
		F80760AE2D0669E20011D3A6 /* PrivateRide.app */ = {isa = PBXFileReference; explicitFileType = wrapper.application; includeInIndex = 0; path = PrivateRide.app; sourceTree = BUILT_PRODUCTS_DIR; };
		F80761252D0669EC0011D3A6 /* AnalyticsEventable.swift */ = {isa = PBXFileReference; lastKnownFileType = sourcecode.swift; path = AnalyticsEventable.swift; sourceTree = "<group>"; };
		F80761282D0669EC0011D3A6 /* AppDelegate.swift */ = {isa = PBXFileReference; lastKnownFileType = sourcecode.swift; path = AppDelegate.swift; sourceTree = "<group>"; };
		F80761292D0669EC0011D3A6 /* SceneDelegate.swift */ = {isa = PBXFileReference; lastKnownFileType = sourcecode.swift; path = SceneDelegate.swift; sourceTree = "<group>"; };
		F807612B2D0669EC0011D3A6 /* AppColors.swift */ = {isa = PBXFileReference; lastKnownFileType = sourcecode.swift; path = AppColors.swift; sourceTree = "<group>"; };
		F807612D2D0669EC0011D3A6 /* AppFont.swift */ = {isa = PBXFileReference; lastKnownFileType = sourcecode.swift; path = AppFont.swift; sourceTree = "<group>"; };
		F807612E2D0669EC0011D3A6 /* BrandFontName.swift */ = {isa = PBXFileReference; lastKnownFileType = sourcecode.swift; path = BrandFontName.swift; sourceTree = "<group>"; };
		F80761302D0669EC0011D3A6 /* Preview Assets.xcassets */ = {isa = PBXFileReference; lastKnownFileType = text; path = "Preview Assets.xcassets"; sourceTree = "<group>"; };
		F80761332D0669EC0011D3A6 /* ViewAwareHostingController.swift */ = {isa = PBXFileReference; lastKnownFileType = sourcecode.swift; path = ViewAwareHostingController.swift; sourceTree = "<group>"; };
		F80761352D0669EC0011D3A6 /* BaseCoordinator.swift */ = {isa = PBXFileReference; lastKnownFileType = sourcecode.swift; path = BaseCoordinator.swift; sourceTree = "<group>"; };
		F80761362D0669EC0011D3A6 /* BaseViewModel.swift */ = {isa = PBXFileReference; lastKnownFileType = sourcecode.swift; path = BaseViewModel.swift; sourceTree = "<group>"; };
		F80761382D0669EC0011D3A6 /* Codable+Extensions.swift */ = {isa = PBXFileReference; lastKnownFileType = sourcecode.swift; path = "Codable+Extensions.swift"; sourceTree = "<group>"; };
		F80761392D0669EC0011D3A6 /* Color+Extensions.swift */ = {isa = PBXFileReference; lastKnownFileType = sourcecode.swift; path = "Color+Extensions.swift"; sourceTree = "<group>"; };
		F807613A2D0669EC0011D3A6 /* String+Extensions.swift */ = {isa = PBXFileReference; lastKnownFileType = sourcecode.swift; path = "String+Extensions.swift"; sourceTree = "<group>"; };
		F807613B2D0669EC0011D3A6 /* View+Extensions.swift */ = {isa = PBXFileReference; lastKnownFileType = sourcecode.swift; path = "View+Extensions.swift"; sourceTree = "<group>"; };
		F807613D2D0669EC0011D3A6 /* Factory+Container.swift */ = {isa = PBXFileReference; lastKnownFileType = sourcecode.swift; path = "Factory+Container.swift"; sourceTree = "<group>"; };
		F807613F2D0669EC0011D3A6 /* AppConstants.swift */ = {isa = PBXFileReference; lastKnownFileType = sourcecode.swift; path = AppConstants.swift; sourceTree = "<group>"; };
		F80761402D0669EC0011D3A6 /* AppEnvironment.swift */ = {isa = PBXFileReference; lastKnownFileType = sourcecode.swift; path = AppEnvironment.swift; sourceTree = "<group>"; };
		F807614C2D0669EC0011D3A6 /* AppError.swift */ = {isa = PBXFileReference; lastKnownFileType = sourcecode.swift; path = AppError.swift; sourceTree = "<group>"; };
		F807614D2D0669EC0011D3A6 /* Endpoint.swift */ = {isa = PBXFileReference; lastKnownFileType = sourcecode.swift; path = Endpoint.swift; sourceTree = "<group>"; };
		F807614E2D0669EC0011D3A6 /* HttpMethods.swift */ = {isa = PBXFileReference; lastKnownFileType = sourcecode.swift; path = HttpMethods.swift; sourceTree = "<group>"; };
		F80761502D0669EC0011D3A6 /* NetworkClient.swift */ = {isa = PBXFileReference; lastKnownFileType = sourcecode.swift; path = NetworkClient.swift; sourceTree = "<group>"; };
		F80761522D0669EC0011D3A6 /* NetworkProtocol.swift */ = {isa = PBXFileReference; lastKnownFileType = sourcecode.swift; path = NetworkProtocol.swift; sourceTree = "<group>"; };
		F80761592D0669EC0011D3A6 /* AppNavigationController.swift */ = {isa = PBXFileReference; lastKnownFileType = sourcecode.swift; path = AppNavigationController.swift; sourceTree = "<group>"; };
		F807615A2D0669EC0011D3A6 /* Coordinator.swift */ = {isa = PBXFileReference; lastKnownFileType = sourcecode.swift; path = Coordinator.swift; sourceTree = "<group>"; };
		F807615B2D0669EC0011D3A6 /* MainCoordinator.swift */ = {isa = PBXFileReference; lastKnownFileType = sourcecode.swift; path = MainCoordinator.swift; sourceTree = "<group>"; };
		F807615D2D0669EC0011D3A6 /* RunOnceViewModifier.swift */ = {isa = PBXFileReference; lastKnownFileType = sourcecode.swift; path = RunOnceViewModifier.swift; sourceTree = "<group>"; };
		F80761602D0669EC0011D3A6 /* SplashCoordinator.swift */ = {isa = PBXFileReference; lastKnownFileType = sourcecode.swift; path = SplashCoordinator.swift; sourceTree = "<group>"; };
		F80761622D0669EC0011D3A6 /* SplashView.swift */ = {isa = PBXFileReference; lastKnownFileType = sourcecode.swift; path = SplashView.swift; sourceTree = "<group>"; };
		F80761642D0669EC0011D3A6 /* SplashViewModel.swift */ = {isa = PBXFileReference; lastKnownFileType = sourcecode.swift; path = SplashViewModel.swift; sourceTree = "<group>"; };
		F80761652D0669EC0011D3A6 /* SplashViewModelProtocol.swift */ = {isa = PBXFileReference; lastKnownFileType = sourcecode.swift; path = SplashViewModelProtocol.swift; sourceTree = "<group>"; };
		F80761692D0669EC0011D3A6 /* Assets.xcassets */ = {isa = PBXFileReference; lastKnownFileType = folder.assetcatalog; path = Assets.xcassets; sourceTree = "<group>"; };
		F810B8252D0A5806008DA402 /* TripHistoryCoordinator.swift */ = {isa = PBXFileReference; lastKnownFileType = sourcecode.swift; path = TripHistoryCoordinator.swift; sourceTree = "<group>"; };
		F810B8262D0A5806008DA402 /* TripHistoryServices.swift */ = {isa = PBXFileReference; lastKnownFileType = sourcecode.swift; path = TripHistoryServices.swift; sourceTree = "<group>"; };
		F810B8272D0A5806008DA402 /* TripHistoryServicesProtocol.swift */ = {isa = PBXFileReference; lastKnownFileType = sourcecode.swift; path = TripHistoryServicesProtocol.swift; sourceTree = "<group>"; };
		F810B8282D0A5806008DA402 /* TripHistoryView.swift */ = {isa = PBXFileReference; lastKnownFileType = sourcecode.swift; path = TripHistoryView.swift; sourceTree = "<group>"; };
		F810B8292D0A5806008DA402 /* TripHistoryViewModel.swift */ = {isa = PBXFileReference; lastKnownFileType = sourcecode.swift; path = TripHistoryViewModel.swift; sourceTree = "<group>"; };
		F810B82A2D0A5806008DA402 /* TripHistoryViewModelProtocol.swift */ = {isa = PBXFileReference; lastKnownFileType = sourcecode.swift; path = TripHistoryViewModelProtocol.swift; sourceTree = "<group>"; };
		F810B8352D0A5C42008DA402 /* PRTripCard.swift */ = {isa = PBXFileReference; lastKnownFileType = sourcecode.swift; path = PRTripCard.swift; sourceTree = "<group>"; };
		F810B8372D0A63FB008DA402 /* TripsHistoryEndpoint.swift */ = {isa = PBXFileReference; lastKnownFileType = sourcecode.swift; path = TripsHistoryEndpoint.swift; sourceTree = "<group>"; };
		F810B8782D0A7305008DA402 /* TripHistoryResponse.swift */ = {isa = PBXFileReference; lastKnownFileType = sourcecode.swift; path = TripHistoryResponse.swift; sourceTree = "<group>"; };
		F810B87A2D0AEF97008DA402 /* PRAnalyticsEvents.swift */ = {isa = PBXFileReference; lastKnownFileType = sourcecode.swift; path = PRAnalyticsEvents.swift; sourceTree = "<group>"; };
		F810B87C2D0AEFAB008DA402 /* SimulatedAnalytics.swift */ = {isa = PBXFileReference; lastKnownFileType = sourcecode.swift; path = SimulatedAnalytics.swift; sourceTree = "<group>"; };
		F810B8802D0AF473008DA402 /* Localizable.xcstrings */ = {isa = PBXFileReference; lastKnownFileType = text.json.xcstrings; path = Localizable.xcstrings; sourceTree = "<group>"; };
		F84DC4A12D08EBBE0069E1BA /* PRTextField.swift */ = {isa = PBXFileReference; lastKnownFileType = sourcecode.swift; path = PRTextField.swift; sourceTree = "<group>"; };
		F84DC4A32D08EC6B0069E1BA /* Inter-Black.ttf */ = {isa = PBXFileReference; lastKnownFileType = file; path = "Inter-Black.ttf"; sourceTree = "<group>"; };
		F84DC4A42D08EC6B0069E1BA /* Inter-Bold.ttf */ = {isa = PBXFileReference; lastKnownFileType = file; path = "Inter-Bold.ttf"; sourceTree = "<group>"; };
		F84DC4A72D08EC6B0069E1BA /* Inter-Light.ttf */ = {isa = PBXFileReference; lastKnownFileType = file; path = "Inter-Light.ttf"; sourceTree = "<group>"; };
		F84DC4A92D08EC6B0069E1BA /* Inter-Regular.ttf */ = {isa = PBXFileReference; lastKnownFileType = file; path = "Inter-Regular.ttf"; sourceTree = "<group>"; };
		F84DC4AA2D08EC6B0069E1BA /* Inter-SemiBold.ttf */ = {isa = PBXFileReference; lastKnownFileType = file; path = "Inter-SemiBold.ttf"; sourceTree = "<group>"; };
		F84DC4AB2D08EC6B0069E1BA /* Inter-Thin.ttf */ = {isa = PBXFileReference; lastKnownFileType = file; path = "Inter-Thin.ttf"; sourceTree = "<group>"; };
		F84DC6062D08FB8D0069E1BA /* PRAddressFormView.swift */ = {isa = PBXFileReference; lastKnownFileType = sourcecode.swift; path = PRAddressFormView.swift; sourceTree = "<group>"; };
		F84DC6082D0904DC0069E1BA /* PRFormSectionHeader.swift */ = {isa = PBXFileReference; lastKnownFileType = sourcecode.swift; path = PRFormSectionHeader.swift; sourceTree = "<group>"; };
		F84DC60A2D090A520069E1BA /* PRButton.swift */ = {isa = PBXFileReference; lastKnownFileType = sourcecode.swift; path = PRButton.swift; sourceTree = "<group>"; };
		F89DD1052D06715200EC2319 /* Launch Screen.storyboard */ = {isa = PBXFileReference; lastKnownFileType = file.storyboard; path = "Launch Screen.storyboard"; sourceTree = "<group>"; };
		F89DD1072D0671E300EC2319 /* Info.plist */ = {isa = PBXFileReference; lastKnownFileType = text.plist; path = Info.plist; sourceTree = "<group>"; };
		F89DD10A2D067E9100EC2319 /* HomeCoordinator.swift */ = {isa = PBXFileReference; lastKnownFileType = sourcecode.swift; path = HomeCoordinator.swift; sourceTree = "<group>"; };
		F89DD10B2D067E9100EC2319 /* HomeServices.swift */ = {isa = PBXFileReference; lastKnownFileType = sourcecode.swift; path = HomeServices.swift; sourceTree = "<group>"; };
		F89DD10C2D067E9100EC2319 /* HomeServicesProtocol.swift */ = {isa = PBXFileReference; lastKnownFileType = sourcecode.swift; path = HomeServicesProtocol.swift; sourceTree = "<group>"; };
		F89DD10D2D067E9100EC2319 /* HomeView.swift */ = {isa = PBXFileReference; lastKnownFileType = sourcecode.swift; path = HomeView.swift; sourceTree = "<group>"; };
		F89DD10E2D067E9100EC2319 /* HomeViewModel.swift */ = {isa = PBXFileReference; lastKnownFileType = sourcecode.swift; path = HomeViewModel.swift; sourceTree = "<group>"; };
		F89DD10F2D067E9100EC2319 /* HomeViewModelProtocol.swift */ = {isa = PBXFileReference; lastKnownFileType = sourcecode.swift; path = HomeViewModelProtocol.swift; sourceTree = "<group>"; };
		F8AD8E322D09E4D5001CAADE /* HomeEndpoint.swift */ = {isa = PBXFileReference; lastKnownFileType = sourcecode.swift; path = HomeEndpoint.swift; sourceTree = "<group>"; };
		F8AD8F852D0A062D001CAADE /* PRMapView.swift */ = {isa = PBXFileReference; lastKnownFileType = sourcecode.swift; path = PRMapView.swift; sourceTree = "<group>"; };
		F8AD8F872D0A0AC7001CAADE /* MkCoordinatorRegion+Extensions.swift */ = {isa = PBXFileReference; lastKnownFileType = sourcecode.swift; path = "MkCoordinatorRegion+Extensions.swift"; sourceTree = "<group>"; };
		F8AD8F892D0A0E96001CAADE /* PRFloatingAlertModel.swift */ = {isa = PBXFileReference; lastKnownFileType = sourcecode.swift; path = PRFloatingAlertModel.swift; sourceTree = "<group>"; };
		F8AD8F8A2D0A0E96001CAADE /* PRFloatingAlertType.swift */ = {isa = PBXFileReference; lastKnownFileType = sourcecode.swift; path = PRFloatingAlertType.swift; sourceTree = "<group>"; };
		F8AD8F8B2D0A0E96001CAADE /* PRFloatingAlertView.swift */ = {isa = PBXFileReference; lastKnownFileType = sourcecode.swift; path = PRFloatingAlertView.swift; sourceTree = "<group>"; };
		F8AD8F922D0A0F46001CAADE /* PRFloatingAlertViewModifier.swift */ = {isa = PBXFileReference; lastKnownFileType = sourcecode.swift; path = PRFloatingAlertViewModifier.swift; sourceTree = "<group>"; };
		F8AD8F952D0A1713001CAADE /* RouteResponse.swift */ = {isa = PBXFileReference; lastKnownFileType = sourcecode.swift; path = RouteResponse.swift; sourceTree = "<group>"; };
		F8AD8FF22D0A3644001CAADE /* PRBottomSheet.swift */ = {isa = PBXFileReference; lastKnownFileType = sourcecode.swift; path = PRBottomSheet.swift; sourceTree = "<group>"; };
		F8AD8FF42D0A417F001CAADE /* PRRideOptionCard.swift */ = {isa = PBXFileReference; lastKnownFileType = sourcecode.swift; path = PRRideOptionCard.swift; sourceTree = "<group>"; };
		F8AD8FF62D0A4B01001CAADE /* ConfirmeRideRequest.swift */ = {isa = PBXFileReference; lastKnownFileType = sourcecode.swift; path = ConfirmeRideRequest.swift; sourceTree = "<group>"; };
		F8AD8FF82D0A4FDE001CAADE /* ConfirmRideResponse.swift */ = {isa = PBXFileReference; lastKnownFileType = sourcecode.swift; path = ConfirmRideResponse.swift; sourceTree = "<group>"; };
/* End PBXFileReference section */

/* Begin PBXFrameworksBuildPhase section */
		F80760AB2D0669E20011D3A6 /* Frameworks */ = {
			isa = PBXFrameworksBuildPhase;
			buildActionMask = 2147483647;
			files = (
				F89DD1042D0670DB00EC2319 /* Factory in Frameworks */,
				F8AD8E302D09197A001CAADE /* IQKeyboardManagerSwift in Frameworks */,
			);
			runOnlyForDeploymentPostprocessing = 0;
		};
/* End PBXFrameworksBuildPhase section */

/* Begin PBXGroup section */
		F80760A52D0669E20011D3A6 = {
			isa = PBXGroup;
			children = (
				F807616A2D0669EC0011D3A6 /* PrivateRide */,
				F80760AF2D0669E20011D3A6 /* Products */,
			);
			sourceTree = "<group>";
		};
		F80760AF2D0669E20011D3A6 /* Products */ = {
			isa = PBXGroup;
			children = (
				F80760AE2D0669E20011D3A6 /* PrivateRide.app */,
			);
			name = Products;
			sourceTree = "<group>";
		};
		F80761262D0669EC0011D3A6 /* Protocols */ = {
			isa = PBXGroup;
			children = (
				F80761252D0669EC0011D3A6 /* AnalyticsEventable.swift */,
			);
			path = Protocols;
			sourceTree = "<group>";
		};
		F80761272D0669EC0011D3A6 /* Analytics */ = {
			isa = PBXGroup;
			children = (
				F810B87A2D0AEF97008DA402 /* PRAnalyticsEvents.swift */,
				F810B87C2D0AEFAB008DA402 /* SimulatedAnalytics.swift */,
				F80761262D0669EC0011D3A6 /* Protocols */,
			);
			path = Analytics;
			sourceTree = "<group>";
		};
		F807612A2D0669EC0011D3A6 /* Application */ = {
			isa = PBXGroup;
			children = (
				F80761282D0669EC0011D3A6 /* AppDelegate.swift */,
				F80761292D0669EC0011D3A6 /* SceneDelegate.swift */,
			);
			path = Application;
			sourceTree = "<group>";
		};
		F807612C2D0669EC0011D3A6 /* AppColors */ = {
			isa = PBXGroup;
			children = (
				F807612B2D0669EC0011D3A6 /* AppColors.swift */,
			);
			path = AppColors;
			sourceTree = "<group>";
		};
		F807612F2D0669EC0011D3A6 /* AppFont */ = {
			isa = PBXGroup;
			children = (
				F807612D2D0669EC0011D3A6 /* AppFont.swift */,
				F807612E2D0669EC0011D3A6 /* BrandFontName.swift */,
				F84DC4B52D08EC6F0069E1BA /* Fonts */,
			);
			path = AppFont;
			sourceTree = "<group>";
		};
		F80761312D0669EC0011D3A6 /* Preview Content */ = {
			isa = PBXGroup;
			children = (
				F80761302D0669EC0011D3A6 /* Preview Assets.xcassets */,
			);
			path = "Preview Content";
			sourceTree = "<group>";
		};
		F80761322D0669EC0011D3A6 /* Assets */ = {
			isa = PBXGroup;
			children = (
				F80761692D0669EC0011D3A6 /* Assets.xcassets */,
				F807612C2D0669EC0011D3A6 /* AppColors */,
				F807612F2D0669EC0011D3A6 /* AppFont */,
				F80761312D0669EC0011D3A6 /* Preview Content */,
			);
			path = Assets;
			sourceTree = "<group>";
		};
		F80761342D0669EC0011D3A6 /* Helpers */ = {
			isa = PBXGroup;
			children = (
				F80761332D0669EC0011D3A6 /* ViewAwareHostingController.swift */,
			);
			path = Helpers;
			sourceTree = "<group>";
		};
		F80761372D0669EC0011D3A6 /* Base */ = {
			isa = PBXGroup;
			children = (
				F80761342D0669EC0011D3A6 /* Helpers */,
				F80761352D0669EC0011D3A6 /* BaseCoordinator.swift */,
				F80761362D0669EC0011D3A6 /* BaseViewModel.swift */,
			);
			path = Base;
			sourceTree = "<group>";
		};
		F807613C2D0669EC0011D3A6 /* Extensions */ = {
			isa = PBXGroup;
			children = (
				F8AD8F872D0A0AC7001CAADE /* MkCoordinatorRegion+Extensions.swift */,
				F80761382D0669EC0011D3A6 /* Codable+Extensions.swift */,
				F80761392D0669EC0011D3A6 /* Color+Extensions.swift */,
				F807613A2D0669EC0011D3A6 /* String+Extensions.swift */,
				F807613B2D0669EC0011D3A6 /* View+Extensions.swift */,
			);
			path = Extensions;
			sourceTree = "<group>";
		};
		F807613E2D0669EC0011D3A6 /* Factory */ = {
			isa = PBXGroup;
			children = (
				F807613D2D0669EC0011D3A6 /* Factory+Container.swift */,
			);
			path = Factory;
			sourceTree = "<group>";
		};
		F80761412D0669EC0011D3A6 /* Helpers */ = {
			isa = PBXGroup;
			children = (
				F807613F2D0669EC0011D3A6 /* AppConstants.swift */,
				F80761402D0669EC0011D3A6 /* AppEnvironment.swift */,
			);
			path = Helpers;
			sourceTree = "<group>";
		};
		F807614F2D0669EC0011D3A6 /* Base */ = {
			isa = PBXGroup;
			children = (
				F807614C2D0669EC0011D3A6 /* AppError.swift */,
				F807614D2D0669EC0011D3A6 /* Endpoint.swift */,
				F807614E2D0669EC0011D3A6 /* HttpMethods.swift */,
			);
			path = Base;
			sourceTree = "<group>";
		};
		F80761512D0669EC0011D3A6 /* Client */ = {
			isa = PBXGroup;
			children = (
				F80761502D0669EC0011D3A6 /* NetworkClient.swift */,
			);
			path = Client;
			sourceTree = "<group>";
		};
		F80761532D0669EC0011D3A6 /* Protocols */ = {
			isa = PBXGroup;
			children = (
				F80761522D0669EC0011D3A6 /* NetworkProtocol.swift */,
			);
			path = Protocols;
			sourceTree = "<group>";
		};
		F80761542D0669EC0011D3A6 /* Network */ = {
			isa = PBXGroup;
			children = (
				F807614F2D0669EC0011D3A6 /* Base */,
				F80761512D0669EC0011D3A6 /* Client */,
				F80761532D0669EC0011D3A6 /* Protocols */,
			);
			path = Network;
			sourceTree = "<group>";
		};
		F80761582D0669EC0011D3A6 /* Layers */ = {
			isa = PBXGroup;
			children = (
				F80761542D0669EC0011D3A6 /* Network */,
			);
			path = Layers;
			sourceTree = "<group>";
		};
		F807615C2D0669EC0011D3A6 /* Navigation */ = {
			isa = PBXGroup;
			children = (
				F80761592D0669EC0011D3A6 /* AppNavigationController.swift */,
				F807615A2D0669EC0011D3A6 /* Coordinator.swift */,
				F807615B2D0669EC0011D3A6 /* MainCoordinator.swift */,
			);
			path = Navigation;
			sourceTree = "<group>";
		};
		F807615E2D0669EC0011D3A6 /* ViewModifier */ = {
			isa = PBXGroup;
			children = (
				F8AD8F922D0A0F46001CAADE /* PRFloatingAlertViewModifier.swift */,
				F807615D2D0669EC0011D3A6 /* RunOnceViewModifier.swift */,
			);
			path = ViewModifier;
			sourceTree = "<group>";
		};
		F807615F2D0669EC0011D3A6 /* Shared */ = {
			isa = PBXGroup;
			children = (
				F80761272D0669EC0011D3A6 /* Analytics */,
				F807612A2D0669EC0011D3A6 /* Application */,
				F80761322D0669EC0011D3A6 /* Assets */,
				F80761372D0669EC0011D3A6 /* Base */,
				F84DC3E72D08EAF80069E1BA /* DesignSystem */,
				F8AD8E312D09E4CE001CAADE /* Endpoints */,
				F807613C2D0669EC0011D3A6 /* Extensions */,
				F807613E2D0669EC0011D3A6 /* Factory */,
				F80761412D0669EC0011D3A6 /* Helpers */,
				F80761582D0669EC0011D3A6 /* Layers */,
				F810B87E2D0AF45F008DA402 /* Localization */,
				F807615C2D0669EC0011D3A6 /* Navigation */,
				F89DD1082D0671F500EC2319 /* Storyboards */,
				F807615E2D0669EC0011D3A6 /* ViewModifier */,
			);
			path = Shared;
			sourceTree = "<group>";
		};
		F80761612D0669EC0011D3A6 /* Coordinator */ = {
			isa = PBXGroup;
			children = (
				F80761602D0669EC0011D3A6 /* SplashCoordinator.swift */,
			);
			path = Coordinator;
			sourceTree = "<group>";
		};
		F80761632D0669EC0011D3A6 /* View */ = {
			isa = PBXGroup;
			children = (
				F80761622D0669EC0011D3A6 /* SplashView.swift */,
			);
			path = View;
			sourceTree = "<group>";
		};
		F80761662D0669EC0011D3A6 /* ViewModel */ = {
			isa = PBXGroup;
			children = (
				F80761642D0669EC0011D3A6 /* SplashViewModel.swift */,
				F80761652D0669EC0011D3A6 /* SplashViewModelProtocol.swift */,
			);
			path = ViewModel;
			sourceTree = "<group>";
		};
		F80761672D0669EC0011D3A6 /* Splash */ = {
			isa = PBXGroup;
			children = (
				F80761612D0669EC0011D3A6 /* Coordinator */,
				F80761632D0669EC0011D3A6 /* View */,
				F80761662D0669EC0011D3A6 /* ViewModel */,
			);
			path = Splash;
			sourceTree = "<group>";
		};
		F80761682D0669EC0011D3A6 /* Sources */ = {
			isa = PBXGroup;
			children = (
				F89DD1092D067E8600EC2319 /* Home */,
				F80761672D0669EC0011D3A6 /* Splash */,
				F810B8242D0A57ED008DA402 /* TripHistory */,
			);
			path = Sources;
			sourceTree = "<group>";
		};
		F807616A2D0669EC0011D3A6 /* PrivateRide */ = {
			isa = PBXGroup;
			children = (
				F89DD1072D0671E300EC2319 /* Info.plist */,
				F807615F2D0669EC0011D3A6 /* Shared */,
				F80761682D0669EC0011D3A6 /* Sources */,
			);
			path = PrivateRide;
			sourceTree = "<group>";
		};
		F810B8242D0A57ED008DA402 /* TripHistory */ = {
			isa = PBXGroup;
			children = (
				F810B8312D0A5811008DA402 /* Coordinator */,
				F810B8772D0A72F8008DA402 /* Model */,
				F810B8342D0A581D008DA402 /* Services */,
				F810B8332D0A581A008DA402 /* View */,
				F810B8322D0A5816008DA402 /* ViewModel */,
			);
			path = TripHistory;
			sourceTree = "<group>";
		};
		F810B8312D0A5811008DA402 /* Coordinator */ = {
			isa = PBXGroup;
			children = (
				F810B8252D0A5806008DA402 /* TripHistoryCoordinator.swift */,
			);
			path = Coordinator;
			sourceTree = "<group>";
		};
		F810B8322D0A5816008DA402 /* ViewModel */ = {
			isa = PBXGroup;
			children = (
				F810B8292D0A5806008DA402 /* TripHistoryViewModel.swift */,
				F810B82A2D0A5806008DA402 /* TripHistoryViewModelProtocol.swift */,
			);
			path = ViewModel;
			sourceTree = "<group>";
		};
		F810B8332D0A581A008DA402 /* View */ = {
			isa = PBXGroup;
			children = (
				F810B8282D0A5806008DA402 /* TripHistoryView.swift */,
			);
			path = View;
			sourceTree = "<group>";
		};
		F810B8342D0A581D008DA402 /* Services */ = {
			isa = PBXGroup;
			children = (
				F810B8262D0A5806008DA402 /* TripHistoryServices.swift */,
				F810B8272D0A5806008DA402 /* TripHistoryServicesProtocol.swift */,
			);
			path = Services;
			sourceTree = "<group>";
		};
		F810B8772D0A72F8008DA402 /* Model */ = {
			isa = PBXGroup;
			children = (
				F810B8782D0A7305008DA402 /* TripHistoryResponse.swift */,
			);
			path = Model;
			sourceTree = "<group>";
		};
		F810B87E2D0AF45F008DA402 /* Localization */ = {
			isa = PBXGroup;
			children = (
				F810B8802D0AF473008DA402 /* Localizable.xcstrings */,
			);
			path = Localization;
			sourceTree = "<group>";
		};
		F84DC3E72D08EAF80069E1BA /* DesignSystem */ = {
			isa = PBXGroup;
			children = (
				F84DC3E82D08EB000069E1BA /* Atoms */,
				F84DC6052D08FB0F0069E1BA /* Molecules */,
			);
			path = DesignSystem;
			sourceTree = "<group>";
		};
		F84DC3E82D08EB000069E1BA /* Atoms */ = {
			isa = PBXGroup;
			children = (
				F84DC60A2D090A520069E1BA /* PRButton.swift */,
				F84DC6082D0904DC0069E1BA /* PRFormSectionHeader.swift */,
				F8AD8F852D0A062D001CAADE /* PRMapView.swift */,
				F8AD8FF42D0A417F001CAADE /* PRRideOptionCard.swift */,
				F84DC4A12D08EBBE0069E1BA /* PRTextField.swift */,
			);
			path = Atoms;
			sourceTree = "<group>";
		};
		F84DC4B52D08EC6F0069E1BA /* Fonts */ = {
			isa = PBXGroup;
			children = (
				F84DC4A32D08EC6B0069E1BA /* Inter-Black.ttf */,
				F84DC4A42D08EC6B0069E1BA /* Inter-Bold.ttf */,
				F84DC4A72D08EC6B0069E1BA /* Inter-Light.ttf */,
				F84DC4A92D08EC6B0069E1BA /* Inter-Regular.ttf */,
				F84DC4AA2D08EC6B0069E1BA /* Inter-SemiBold.ttf */,
				F84DC4AB2D08EC6B0069E1BA /* Inter-Thin.ttf */,
			);
			path = Fonts;
			sourceTree = "<group>";
		};
		F84DC6052D08FB0F0069E1BA /* Molecules */ = {
			isa = PBXGroup;
			children = (
				F810B8352D0A5C42008DA402 /* PRTripCard.swift */,
				F84DC6062D08FB8D0069E1BA /* PRAddressFormView.swift */,
				F8AD8FF22D0A3644001CAADE /* PRBottomSheet.swift */,
				F8AD8F8C2D0A0E96001CAADE /* PRFloatingAlert */,
			);
			path = Molecules;
			sourceTree = "<group>";
		};
		F89DD1082D0671F500EC2319 /* Storyboards */ = {
			isa = PBXGroup;
			children = (
				F89DD1052D06715200EC2319 /* Launch Screen.storyboard */,
			);
			path = Storyboards;
			sourceTree = "<group>";
		};
		F89DD1092D067E8600EC2319 /* Home */ = {
			isa = PBXGroup;
			children = (
				F89DD1162D067EA500EC2319 /* Coordinator */,
				F8AD8F942D0A1710001CAADE /* Model */,
				F89DD1192D067EB700EC2319 /* Services */,
				F89DD1172D067EA900EC2319 /* View */,
				F89DD1182D067EB200EC2319 /* ViewModel */,
			);
			path = Home;
			sourceTree = "<group>";
		};
		F89DD1162D067EA500EC2319 /* Coordinator */ = {
			isa = PBXGroup;
			children = (
				F89DD10A2D067E9100EC2319 /* HomeCoordinator.swift */,
			);
			path = Coordinator;
			sourceTree = "<group>";
		};
		F89DD1172D067EA900EC2319 /* View */ = {
			isa = PBXGroup;
			children = (
				F89DD10D2D067E9100EC2319 /* HomeView.swift */,
			);
			path = View;
			sourceTree = "<group>";
		};
		F89DD1182D067EB200EC2319 /* ViewModel */ = {
			isa = PBXGroup;
			children = (
				F89DD10E2D067E9100EC2319 /* HomeViewModel.swift */,
				F89DD10F2D067E9100EC2319 /* HomeViewModelProtocol.swift */,
			);
			path = ViewModel;
			sourceTree = "<group>";
		};
		F89DD1192D067EB700EC2319 /* Services */ = {
			isa = PBXGroup;
			children = (
				F89DD10B2D067E9100EC2319 /* HomeServices.swift */,
				F89DD10C2D067E9100EC2319 /* HomeServicesProtocol.swift */,
			);
			path = Services;
			sourceTree = "<group>";
		};
		F8AD8E312D09E4CE001CAADE /* Endpoints */ = {
			isa = PBXGroup;
			children = (
				F8AD8E322D09E4D5001CAADE /* HomeEndpoint.swift */,
				F810B8372D0A63FB008DA402 /* TripsHistoryEndpoint.swift */,
			);
			path = Endpoints;
			sourceTree = "<group>";
		};
		F8AD8F8C2D0A0E96001CAADE /* PRFloatingAlert */ = {
			isa = PBXGroup;
			children = (
				F8AD8F892D0A0E96001CAADE /* PRFloatingAlertModel.swift */,
				F8AD8F8A2D0A0E96001CAADE /* PRFloatingAlertType.swift */,
				F8AD8F8B2D0A0E96001CAADE /* PRFloatingAlertView.swift */,
			);
			path = PRFloatingAlert;
			sourceTree = "<group>";
		};
		F8AD8F942D0A1710001CAADE /* Model */ = {
			isa = PBXGroup;
			children = (
				F8AD8FF62D0A4B01001CAADE /* ConfirmeRideRequest.swift */,
				F8AD8FF82D0A4FDE001CAADE /* ConfirmRideResponse.swift */,
				F8AD8F952D0A1713001CAADE /* RouteResponse.swift */,
			);
			path = Model;
			sourceTree = "<group>";
		};
/* End PBXGroup section */

/* Begin PBXNativeTarget section */
		F80760AD2D0669E20011D3A6 /* PrivateRide */ = {
			isa = PBXNativeTarget;
			buildConfigurationList = F807611F2D0669E40011D3A6 /* Build configuration list for PBXNativeTarget "PrivateRide" */;
			buildPhases = (
				F80760AA2D0669E20011D3A6 /* Sources */,
				F80760AB2D0669E20011D3A6 /* Frameworks */,
				F80760AC2D0669E20011D3A6 /* Resources */,
			);
			buildRules = (
			);
			dependencies = (
			);
			name = PrivateRide;
			packageProductDependencies = (
				F89DD1032D0670DB00EC2319 /* Factory */,
				F8AD8E2F2D09197A001CAADE /* IQKeyboardManagerSwift */,
			);
			productName = PrivateRide;
			productReference = F80760AE2D0669E20011D3A6 /* PrivateRide.app */;
			productType = "com.apple.product-type.application";
		};
/* End PBXNativeTarget section */

/* Begin PBXProject section */
		F80760A62D0669E20011D3A6 /* Project object */ = {
			isa = PBXProject;
			attributes = {
				BuildIndependentTargetsInParallel = 1;
				LastSwiftUpdateCheck = 1610;
				LastUpgradeCheck = 1610;
				TargetAttributes = {
					F80760AD2D0669E20011D3A6 = {
						CreatedOnToolsVersion = 16.1;
					};
				};
			};
			buildConfigurationList = F80760A92D0669E20011D3A6 /* Build configuration list for PBXProject "PrivateRide" */;
			compatibilityVersion = "Xcode 15.0";
			developmentRegion = en;
			hasScannedForEncodings = 0;
			knownRegions = (
				en,
				Base,
				"pt-BR",
				es,
				fr,
			);
			mainGroup = F80760A52D0669E20011D3A6;
			minimizedProjectReferenceProxies = 1;
			packageReferences = (
				F89DD1022D0670DB00EC2319 /* XCRemoteSwiftPackageReference "Factory" */,
				F8AD8E2E2D09197A001CAADE /* XCRemoteSwiftPackageReference "IQKeyboardManager" */,
			);
			productRefGroup = F80760AF2D0669E20011D3A6 /* Products */;
			projectDirPath = "";
			projectRoot = "";
			targets = (
				F80760AD2D0669E20011D3A6 /* PrivateRide */,
			);
		};
/* End PBXProject section */

/* Begin PBXResourcesBuildPhase section */
		F80760AC2D0669E20011D3A6 /* Resources */ = {
			isa = PBXResourcesBuildPhase;
			buildActionMask = 2147483647;
			files = (
				F89DD1062D06715200EC2319 /* Launch Screen.storyboard in Resources */,
				F80761912D0669EC0011D3A6 /* Preview Assets.xcassets in Resources */,
				F80761922D0669EC0011D3A6 /* Assets.xcassets in Resources */,
				F84DC4AC2D08EC6B0069E1BA /* Inter-Bold.ttf in Resources */,
				F84DC4AE2D08EC6B0069E1BA /* Inter-Regular.ttf in Resources */,
				F84DC4B02D08EC6B0069E1BA /* Inter-Thin.ttf in Resources */,
				F810B8812D0AF473008DA402 /* Localizable.xcstrings in Resources */,
				F84DC4B22D08EC6B0069E1BA /* Inter-SemiBold.ttf in Resources */,
				F84DC4B32D08EC6B0069E1BA /* Inter-Black.ttf in Resources */,
				F84DC4B42D08EC6B0069E1BA /* Inter-Light.ttf in Resources */,
			);
			runOnlyForDeploymentPostprocessing = 0;
		};
/* End PBXResourcesBuildPhase section */

/* Begin PBXSourcesBuildPhase section */
		F80760AA2D0669E20011D3A6 /* Sources */ = {
			isa = PBXSourcesBuildPhase;
			buildActionMask = 2147483647;
			files = (
				F807616B2D0669EC0011D3A6 /* AnalyticsEventable.swift in Sources */,
				F807616C2D0669EC0011D3A6 /* AppDelegate.swift in Sources */,
				F807616D2D0669EC0011D3A6 /* SceneDelegate.swift in Sources */,
				F807616E2D0669EC0011D3A6 /* AppColors.swift in Sources */,
				F8AD8FF52D0A417F001CAADE /* PRRideOptionCard.swift in Sources */,
				F807616F2D0669EC0011D3A6 /* AppFont.swift in Sources */,
				F8AD8F882D0A0ACF001CAADE /* MkCoordinatorRegion+Extensions.swift in Sources */,
				F80761702D0669EC0011D3A6 /* BrandFontName.swift in Sources */,
				F80761712D0669EC0011D3A6 /* ViewAwareHostingController.swift in Sources */,
				F8AD8FF92D0A4FE3001CAADE /* ConfirmRideResponse.swift in Sources */,
				F80761722D0669EC0011D3A6 /* BaseCoordinator.swift in Sources */,
				F810B87B2D0AEF9A008DA402 /* PRAnalyticsEvents.swift in Sources */,
				F80761732D0669EC0011D3A6 /* BaseViewModel.swift in Sources */,
				F80761742D0669EC0011D3A6 /* Codable+Extensions.swift in Sources */,
				F80761752D0669EC0011D3A6 /* Color+Extensions.swift in Sources */,
				F80761762D0669EC0011D3A6 /* String+Extensions.swift in Sources */,
				F84DC6092D0904E40069E1BA /* PRFormSectionHeader.swift in Sources */,
				F80761772D0669EC0011D3A6 /* View+Extensions.swift in Sources */,
				F80761782D0669EC0011D3A6 /* Factory+Container.swift in Sources */,
				F80761792D0669EC0011D3A6 /* AppConstants.swift in Sources */,
				F8AD8E332D09E4D7001CAADE /* HomeEndpoint.swift in Sources */,
				F807617A2D0669EC0011D3A6 /* AppEnvironment.swift in Sources */,
				F8AD8F962D0A1713001CAADE /* RouteResponse.swift in Sources */,
				F810B82B2D0A5806008DA402 /* TripHistoryViewModelProtocol.swift in Sources */,
				F810B82C2D0A5806008DA402 /* TripHistoryView.swift in Sources */,
				F810B82D2D0A5806008DA402 /* TripHistoryServicesProtocol.swift in Sources */,
				F810B82E2D0A5806008DA402 /* TripHistoryCoordinator.swift in Sources */,
				F810B8382D0A63FB008DA402 /* TripsHistoryEndpoint.swift in Sources */,
				F810B82F2D0A5806008DA402 /* TripHistoryServices.swift in Sources */,
				F810B8362D0A5C46008DA402 /* PRTripCard.swift in Sources */,
				F810B8302D0A5806008DA402 /* TripHistoryViewModel.swift in Sources */,
				F8AD8FF72D0A4B06001CAADE /* ConfirmeRideRequest.swift in Sources */,
				F8AD8F8D2D0A0E96001CAADE /* PRFloatingAlertType.swift in Sources */,
				F8AD8F8E2D0A0E96001CAADE /* PRFloatingAlertModel.swift in Sources */,
				F8AD8F8F2D0A0E96001CAADE /* PRFloatingAlertView.swift in Sources */,
				F80761822D0669EC0011D3A6 /* AppError.swift in Sources */,
				F810B8792D0A730A008DA402 /* TripHistoryResponse.swift in Sources */,
				F80761832D0669EC0011D3A6 /* Endpoint.swift in Sources */,
				F80761842D0669EC0011D3A6 /* HttpMethods.swift in Sources */,
				F80761852D0669EC0011D3A6 /* NetworkClient.swift in Sources */,
				F8AD8F932D0A0F46001CAADE /* PRFloatingAlertViewModifier.swift in Sources */,
				F80761862D0669EC0011D3A6 /* NetworkProtocol.swift in Sources */,
				F84DC4A22D08EBC20069E1BA /* PRTextField.swift in Sources */,
				F80761892D0669EC0011D3A6 /* AppNavigationController.swift in Sources */,
				F807618A2D0669EC0011D3A6 /* Coordinator.swift in Sources */,
				F807618B2D0669EC0011D3A6 /* MainCoordinator.swift in Sources */,
				F807618C2D0669EC0011D3A6 /* RunOnceViewModifier.swift in Sources */,
				F807618D2D0669EC0011D3A6 /* SplashCoordinator.swift in Sources */,
				F8AD8FF32D0A3646001CAADE /* PRBottomSheet.swift in Sources */,
				F807618E2D0669EC0011D3A6 /* SplashView.swift in Sources */,
				F807618F2D0669EC0011D3A6 /* SplashViewModel.swift in Sources */,
				F84DC60B2D090A550069E1BA /* PRButton.swift in Sources */,
				F80761902D0669EC0011D3A6 /* SplashViewModelProtocol.swift in Sources */,
				F89DD1102D067E9100EC2319 /* HomeServices.swift in Sources */,
				F89DD1112D067E9100EC2319 /* HomeViewModelProtocol.swift in Sources */,
				F89DD1122D067E9100EC2319 /* HomeCoordinator.swift in Sources */,
				F810B87D2D0AEFB3008DA402 /* SimulatedAnalytics.swift in Sources */,
				F89DD1132D067E9100EC2319 /* HomeView.swift in Sources */,
				F89DD1142D067E9100EC2319 /* HomeServicesProtocol.swift in Sources */,
				F89DD1152D067E9100EC2319 /* HomeViewModel.swift in Sources */,
				F8AD8F862D0A062F001CAADE /* PRMapView.swift in Sources */,
				F84DC6072D08FB950069E1BA /* PRAddressFormView.swift in Sources */,
			);
			runOnlyForDeploymentPostprocessing = 0;
		};
/* End PBXSourcesBuildPhase section */

/* Begin XCBuildConfiguration section */
		F807611D2D0669E40011D3A6 /* Debug */ = {
			isa = XCBuildConfiguration;
			buildSettings = {
				ALWAYS_SEARCH_USER_PATHS = NO;
				ASSETCATALOG_COMPILER_GENERATE_SWIFT_ASSET_SYMBOL_EXTENSIONS = YES;
				CLANG_ANALYZER_NONNULL = YES;
				CLANG_ANALYZER_NUMBER_OBJECT_CONVERSION = YES_AGGRESSIVE;
				CLANG_CXX_LANGUAGE_STANDARD = "gnu++20";
				CLANG_ENABLE_MODULES = YES;
				CLANG_ENABLE_OBJC_ARC = YES;
				CLANG_ENABLE_OBJC_WEAK = YES;
				CLANG_WARN_BLOCK_CAPTURE_AUTORELEASING = YES;
				CLANG_WARN_BOOL_CONVERSION = YES;
				CLANG_WARN_COMMA = YES;
				CLANG_WARN_CONSTANT_CONVERSION = YES;
				CLANG_WARN_DEPRECATED_OBJC_IMPLEMENTATIONS = YES;
				CLANG_WARN_DIRECT_OBJC_ISA_USAGE = YES_ERROR;
				CLANG_WARN_DOCUMENTATION_COMMENTS = YES;
				CLANG_WARN_EMPTY_BODY = YES;
				CLANG_WARN_ENUM_CONVERSION = YES;
				CLANG_WARN_INFINITE_RECURSION = YES;
				CLANG_WARN_INT_CONVERSION = YES;
				CLANG_WARN_NON_LITERAL_NULL_CONVERSION = YES;
				CLANG_WARN_OBJC_IMPLICIT_RETAIN_SELF = YES;
				CLANG_WARN_OBJC_LITERAL_CONVERSION = YES;
				CLANG_WARN_OBJC_ROOT_CLASS = YES_ERROR;
				CLANG_WARN_QUOTED_INCLUDE_IN_FRAMEWORK_HEADER = YES;
				CLANG_WARN_RANGE_LOOP_ANALYSIS = YES;
				CLANG_WARN_STRICT_PROTOTYPES = YES;
				CLANG_WARN_SUSPICIOUS_MOVE = YES;
				CLANG_WARN_UNGUARDED_AVAILABILITY = YES_AGGRESSIVE;
				CLANG_WARN_UNREACHABLE_CODE = YES;
				CLANG_WARN__DUPLICATE_METHOD_MATCH = YES;
				COPY_PHASE_STRIP = NO;
				DEBUG_INFORMATION_FORMAT = dwarf;
				ENABLE_STRICT_OBJC_MSGSEND = YES;
				ENABLE_TESTABILITY = YES;
				ENABLE_USER_SCRIPT_SANDBOXING = YES;
				GCC_C_LANGUAGE_STANDARD = gnu17;
				GCC_DYNAMIC_NO_PIC = NO;
				GCC_NO_COMMON_BLOCKS = YES;
				GCC_OPTIMIZATION_LEVEL = 0;
				GCC_PREPROCESSOR_DEFINITIONS = (
					"DEBUG=1",
					"$(inherited)",
				);
				GCC_WARN_64_TO_32_BIT_CONVERSION = YES;
				GCC_WARN_ABOUT_RETURN_TYPE = YES_ERROR;
				GCC_WARN_UNDECLARED_SELECTOR = YES;
				GCC_WARN_UNINITIALIZED_AUTOS = YES_AGGRESSIVE;
				GCC_WARN_UNUSED_FUNCTION = YES;
				GCC_WARN_UNUSED_VARIABLE = YES;
				IPHONEOS_DEPLOYMENT_TARGET = 18.1;
				LOCALIZATION_PREFERS_STRING_CATALOGS = YES;
				MTL_ENABLE_DEBUG_INFO = INCLUDE_SOURCE;
				MTL_FAST_MATH = YES;
				ONLY_ACTIVE_ARCH = YES;
				SDKROOT = iphoneos;
				SWIFT_ACTIVE_COMPILATION_CONDITIONS = "DEBUG $(inherited)";
				SWIFT_EMIT_LOC_STRINGS = YES;
				SWIFT_OPTIMIZATION_LEVEL = "-Onone";
			};
			name = Debug;
		};
		F807611E2D0669E40011D3A6 /* Release */ = {
			isa = XCBuildConfiguration;
			buildSettings = {
				ALWAYS_SEARCH_USER_PATHS = NO;
				ASSETCATALOG_COMPILER_GENERATE_SWIFT_ASSET_SYMBOL_EXTENSIONS = YES;
				CLANG_ANALYZER_NONNULL = YES;
				CLANG_ANALYZER_NUMBER_OBJECT_CONVERSION = YES_AGGRESSIVE;
				CLANG_CXX_LANGUAGE_STANDARD = "gnu++20";
				CLANG_ENABLE_MODULES = YES;
				CLANG_ENABLE_OBJC_ARC = YES;
				CLANG_ENABLE_OBJC_WEAK = YES;
				CLANG_WARN_BLOCK_CAPTURE_AUTORELEASING = YES;
				CLANG_WARN_BOOL_CONVERSION = YES;
				CLANG_WARN_COMMA = YES;
				CLANG_WARN_CONSTANT_CONVERSION = YES;
				CLANG_WARN_DEPRECATED_OBJC_IMPLEMENTATIONS = YES;
				CLANG_WARN_DIRECT_OBJC_ISA_USAGE = YES_ERROR;
				CLANG_WARN_DOCUMENTATION_COMMENTS = YES;
				CLANG_WARN_EMPTY_BODY = YES;
				CLANG_WARN_ENUM_CONVERSION = YES;
				CLANG_WARN_INFINITE_RECURSION = YES;
				CLANG_WARN_INT_CONVERSION = YES;
				CLANG_WARN_NON_LITERAL_NULL_CONVERSION = YES;
				CLANG_WARN_OBJC_IMPLICIT_RETAIN_SELF = YES;
				CLANG_WARN_OBJC_LITERAL_CONVERSION = YES;
				CLANG_WARN_OBJC_ROOT_CLASS = YES_ERROR;
				CLANG_WARN_QUOTED_INCLUDE_IN_FRAMEWORK_HEADER = YES;
				CLANG_WARN_RANGE_LOOP_ANALYSIS = YES;
				CLANG_WARN_STRICT_PROTOTYPES = YES;
				CLANG_WARN_SUSPICIOUS_MOVE = YES;
				CLANG_WARN_UNGUARDED_AVAILABILITY = YES_AGGRESSIVE;
				CLANG_WARN_UNREACHABLE_CODE = YES;
				CLANG_WARN__DUPLICATE_METHOD_MATCH = YES;
				COPY_PHASE_STRIP = NO;
				DEBUG_INFORMATION_FORMAT = "dwarf-with-dsym";
				ENABLE_NS_ASSERTIONS = NO;
				ENABLE_STRICT_OBJC_MSGSEND = YES;
				ENABLE_USER_SCRIPT_SANDBOXING = YES;
				GCC_C_LANGUAGE_STANDARD = gnu17;
				GCC_NO_COMMON_BLOCKS = YES;
				GCC_WARN_64_TO_32_BIT_CONVERSION = YES;
				GCC_WARN_ABOUT_RETURN_TYPE = YES_ERROR;
				GCC_WARN_UNDECLARED_SELECTOR = YES;
				GCC_WARN_UNINITIALIZED_AUTOS = YES_AGGRESSIVE;
				GCC_WARN_UNUSED_FUNCTION = YES;
				GCC_WARN_UNUSED_VARIABLE = YES;
				IPHONEOS_DEPLOYMENT_TARGET = 18.1;
				LOCALIZATION_PREFERS_STRING_CATALOGS = YES;
				MTL_ENABLE_DEBUG_INFO = NO;
				MTL_FAST_MATH = YES;
				SDKROOT = iphoneos;
				SWIFT_COMPILATION_MODE = wholemodule;
				SWIFT_EMIT_LOC_STRINGS = YES;
				VALIDATE_PRODUCT = YES;
			};
			name = Release;
		};
		F80761202D0669E40011D3A6 /* Debug */ = {
			isa = XCBuildConfiguration;
			buildSettings = {
				ASSETCATALOG_COMPILER_APPICON_NAME = AppIcon;
				ASSETCATALOG_COMPILER_GLOBAL_ACCENT_COLOR_NAME = AccentColor;
				CODE_SIGN_STYLE = Automatic;
				CURRENT_PROJECT_VERSION = 1;
				GENERATE_INFOPLIST_FILE = YES;
				INFOPLIST_FILE = PrivateRide/Info.plist;
				INFOPLIST_KEY_CFBundleDisplayName = ShopperRide;
				INFOPLIST_KEY_UIApplicationSupportsIndirectInputEvents = YES;
				INFOPLIST_KEY_UILaunchStoryboardName = "Launch Screen";
				INFOPLIST_KEY_UISupportedInterfaceOrientations = "UIInterfaceOrientationPortrait UIInterfaceOrientationPortraitUpsideDown";
				IPHONEOS_DEPLOYMENT_TARGET = 15.0;
				LD_RUNPATH_SEARCH_PATHS = (
					"$(inherited)",
					"@executable_path/Frameworks",
				);
				MARKETING_VERSION = 1.0;
				PRODUCT_BUNDLE_IDENTIFIER = com.brenner.PrivateRide;
				PRODUCT_NAME = "$(TARGET_NAME)";
				SWIFT_EMIT_LOC_STRINGS = YES;
				SWIFT_VERSION = 5.0;
				TARGETED_DEVICE_FAMILY = "1,2";
			};
			name = Debug;
		};
		F80761212D0669E40011D3A6 /* Release */ = {
			isa = XCBuildConfiguration;
			buildSettings = {
				ASSETCATALOG_COMPILER_APPICON_NAME = AppIcon;
				ASSETCATALOG_COMPILER_GLOBAL_ACCENT_COLOR_NAME = AccentColor;
				CODE_SIGN_STYLE = Automatic;
				CURRENT_PROJECT_VERSION = 1;
				GENERATE_INFOPLIST_FILE = YES;
				INFOPLIST_FILE = PrivateRide/Info.plist;
				INFOPLIST_KEY_CFBundleDisplayName = ShopperRide;
				INFOPLIST_KEY_UIApplicationSupportsIndirectInputEvents = YES;
				INFOPLIST_KEY_UILaunchStoryboardName = "Launch Screen";
				INFOPLIST_KEY_UISupportedInterfaceOrientations = "UIInterfaceOrientationPortrait UIInterfaceOrientationPortraitUpsideDown";
				IPHONEOS_DEPLOYMENT_TARGET = 15.0;
				LD_RUNPATH_SEARCH_PATHS = (
					"$(inherited)",
					"@executable_path/Frameworks",
				);
				MARKETING_VERSION = 1.0;
				PRODUCT_BUNDLE_IDENTIFIER = com.brenner.PrivateRide;
				PRODUCT_NAME = "$(TARGET_NAME)";
				SWIFT_EMIT_LOC_STRINGS = YES;
				SWIFT_VERSION = 5.0;
				TARGETED_DEVICE_FAMILY = "1,2";
			};
			name = Release;
		};
/* End XCBuildConfiguration section */

/* Begin XCConfigurationList section */
		F80760A92D0669E20011D3A6 /* Build configuration list for PBXProject "PrivateRide" */ = {
			isa = XCConfigurationList;
			buildConfigurations = (
				F807611D2D0669E40011D3A6 /* Debug */,
				F807611E2D0669E40011D3A6 /* Release */,
			);
			defaultConfigurationIsVisible = 0;
			defaultConfigurationName = Release;
		};
		F807611F2D0669E40011D3A6 /* Build configuration list for PBXNativeTarget "PrivateRide" */ = {
			isa = XCConfigurationList;
			buildConfigurations = (
				F80761202D0669E40011D3A6 /* Debug */,
				F80761212D0669E40011D3A6 /* Release */,
			);
			defaultConfigurationIsVisible = 0;
			defaultConfigurationName = Release;
		};
/* End XCConfigurationList section */

/* Begin XCRemoteSwiftPackageReference section */
		F89DD1022D0670DB00EC2319 /* XCRemoteSwiftPackageReference "Factory" */ = {
			isa = XCRemoteSwiftPackageReference;
			repositoryURL = "https://github.com/hmlongco/Factory";
			requirement = {
				kind = upToNextMajorVersion;
				minimumVersion = 2.4.3;
			};
		};
		F8AD8E2E2D09197A001CAADE /* XCRemoteSwiftPackageReference "IQKeyboardManager" */ = {
			isa = XCRemoteSwiftPackageReference;
			repositoryURL = "https://github.com/hackiftekhar/IQKeyboardManager.git";
			requirement = {
				kind = upToNextMajorVersion;
				minimumVersion = 8.0.0;
			};
		};
/* End XCRemoteSwiftPackageReference section */

/* Begin XCSwiftPackageProductDependency section */
		F89DD1032D0670DB00EC2319 /* Factory */ = {
			isa = XCSwiftPackageProductDependency;
			package = F89DD1022D0670DB00EC2319 /* XCRemoteSwiftPackageReference "Factory" */;
			productName = Factory;
		};
		F8AD8E2F2D09197A001CAADE /* IQKeyboardManagerSwift */ = {
			isa = XCSwiftPackageProductDependency;
			package = F8AD8E2E2D09197A001CAADE /* XCRemoteSwiftPackageReference "IQKeyboardManager" */;
			productName = IQKeyboardManagerSwift;
		};
/* End XCSwiftPackageProductDependency section */
	};
	rootObject = F80760A62D0669E20011D3A6 /* Project object */;
}
